// !$*UTF8*$!
{
	archiveVersion = 1;
	classes = {
	};
	objectVersion = 56;
	objects = {

/* Begin PBXBuildFile section */
		A6FF84A22A1CD8B900661005 /* AppDelegate.swift in Sources */ = {isa = PBXBuildFile; fileRef = A6FF84A12A1CD8B900661005 /* AppDelegate.swift */; };
		A6FF84A42A1CD8B900661005 /* SceneDelegate.swift in Sources */ = {isa = PBXBuildFile; fileRef = A6FF84A32A1CD8B900661005 /* SceneDelegate.swift */; };
		A6FF84A62A1CD8B900661005 /* ViewController.swift in Sources */ = {isa = PBXBuildFile; fileRef = A6FF84A52A1CD8B900661005 /* ViewController.swift */; };
		A6FF84A92A1CD8B900661005 /* Main.storyboard in Resources */ = {isa = PBXBuildFile; fileRef = A6FF84A72A1CD8B900661005 /* Main.storyboard */; };
		A6FF84AB2A1CD8BB00661005 /* Assets.xcassets in Resources */ = {isa = PBXBuildFile; fileRef = A6FF84AA2A1CD8BB00661005 /* Assets.xcassets */; };
		A6FF84AE2A1CD8BB00661005 /* LaunchScreen.storyboard in Resources */ = {isa = PBXBuildFile; fileRef = A6FF84AC2A1CD8BB00661005 /* LaunchScreen.storyboard */; };
		A6FF84B62A1CD94900661005 /* NewsViewCell.swift in Sources */ = {isa = PBXBuildFile; fileRef = A6FF84B52A1CD94900661005 /* NewsViewCell.swift */; };
		A6FF84BA2A1CDD3E00661005 /* News.swift in Sources */ = {isa = PBXBuildFile; fileRef = A6FF84B92A1CDD3E00661005 /* News.swift */; };
		A6FF84BD2A1CE0AA00661005 /* WebService.swift in Sources */ = {isa = PBXBuildFile; fileRef = A6FF84BC2A1CE0AA00661005 /* WebService.swift */; };
		A6FF84C02A1E183500661005 /* NewsViewModel.swift in Sources */ = {isa = PBXBuildFile; fileRef = A6FF84BF2A1E183500661005 /* NewsViewModel.swift */; };
/* End PBXBuildFile section */

/* Begin PBXFileReference section */
		A6FF849E2A1CD8B900661005 /* NewsProject.app */ = {isa = PBXFileReference; explicitFileType = wrapper.application; includeInIndex = 0; path = NewsProject.app; sourceTree = BUILT_PRODUCTS_DIR; };
		A6FF84A12A1CD8B900661005 /* AppDelegate.swift */ = {isa = PBXFileReference; lastKnownFileType = sourcecode.swift; path = AppDelegate.swift; sourceTree = "<group>"; };
		A6FF84A32A1CD8B900661005 /* SceneDelegate.swift */ = {isa = PBXFileReference; lastKnownFileType = sourcecode.swift; path = SceneDelegate.swift; sourceTree = "<group>"; };
		A6FF84A52A1CD8B900661005 /* ViewController.swift */ = {isa = PBXFileReference; lastKnownFileType = sourcecode.swift; path = ViewController.swift; sourceTree = "<group>"; };
		A6FF84A82A1CD8B900661005 /* Base */ = {isa = PBXFileReference; lastKnownFileType = file.storyboard; name = Base; path = Base.lproj/Main.storyboard; sourceTree = "<group>"; };
		A6FF84AA2A1CD8BB00661005 /* Assets.xcassets */ = {isa = PBXFileReference; lastKnownFileType = folder.assetcatalog; path = Assets.xcassets; sourceTree = "<group>"; };
		A6FF84AD2A1CD8BB00661005 /* Base */ = {isa = PBXFileReference; lastKnownFileType = file.storyboard; name = Base; path = Base.lproj/LaunchScreen.storyboard; sourceTree = "<group>"; };
		A6FF84AF2A1CD8BB00661005 /* Info.plist */ = {isa = PBXFileReference; lastKnownFileType = text.plist.xml; path = Info.plist; sourceTree = "<group>"; };
		A6FF84B52A1CD94900661005 /* NewsViewCell.swift */ = {isa = PBXFileReference; lastKnownFileType = sourcecode.swift; path = NewsViewCell.swift; sourceTree = "<group>"; };
		A6FF84B92A1CDD3E00661005 /* News.swift */ = {isa = PBXFileReference; lastKnownFileType = sourcecode.swift; path = News.swift; sourceTree = "<group>"; };
		A6FF84BC2A1CE0AA00661005 /* WebService.swift */ = {isa = PBXFileReference; lastKnownFileType = sourcecode.swift; path = WebService.swift; sourceTree = "<group>"; };
		A6FF84BF2A1E183500661005 /* NewsViewModel.swift */ = {isa = PBXFileReference; lastKnownFileType = sourcecode.swift; path = NewsViewModel.swift; sourceTree = "<group>"; };
/* End PBXFileReference section */

/* Begin PBXFrameworksBuildPhase section */
		A6FF849B2A1CD8B900661005 /* Frameworks */ = {
			isa = PBXFrameworksBuildPhase;
			buildActionMask = 2147483647;
			files = (
			);
			runOnlyForDeploymentPostprocessing = 0;
		};
/* End PBXFrameworksBuildPhase section */

/* Begin PBXGroup section */
		A6FF84952A1CD8B900661005 = {
			isa = PBXGroup;
			children = (
				A6FF84A02A1CD8B900661005 /* NewsProject */,
				A6FF849F2A1CD8B900661005 /* Products */,
			);
			sourceTree = "<group>";
		};
		A6FF849F2A1CD8B900661005 /* Products */ = {
			isa = PBXGroup;
			children = (
				A6FF849E2A1CD8B900661005 /* NewsProject.app */,
			);
			name = Products;
			sourceTree = "<group>";
		};
		A6FF84A02A1CD8B900661005 /* NewsProject */ = {
			isa = PBXGroup;
			children = (
				A6FF84BE2A1E181300661005 /* ViewModel */,
				A6FF84BB2A1CE09C00661005 /* Service */,
				A6FF84B82A1CDD2E00661005 /* Model */,
				A6FF84B72A1CDCFD00661005 /* View */,
				A6FF84A72A1CD8B900661005 /* Main.storyboard */,
				A6FF84AA2A1CD8BB00661005 /* Assets.xcassets */,
				A6FF84AC2A1CD8BB00661005 /* LaunchScreen.storyboard */,
				A6FF84AF2A1CD8BB00661005 /* Info.plist */,
			);
			path = NewsProject;
			sourceTree = "<group>";
		};
		A6FF84B72A1CDCFD00661005 /* View */ = {
			isa = PBXGroup;
			children = (
				A6FF84A12A1CD8B900661005 /* AppDelegate.swift */,
				A6FF84A32A1CD8B900661005 /* SceneDelegate.swift */,
				A6FF84A52A1CD8B900661005 /* ViewController.swift */,
				A6FF84B52A1CD94900661005 /* NewsViewCell.swift */,
			);
			path = View;
			sourceTree = "<group>";
		};
		A6FF84B82A1CDD2E00661005 /* Model */ = {
			isa = PBXGroup;
			children = (
				A6FF84B92A1CDD3E00661005 /* News.swift */,
			);
			path = Model;
			sourceTree = "<group>";
		};
		A6FF84BB2A1CE09C00661005 /* Service */ = {
			isa = PBXGroup;
			children = (
				A6FF84BC2A1CE0AA00661005 /* WebService.swift */,
			);
			path = Service;
			sourceTree = "<group>";
		};
		A6FF84BE2A1E181300661005 /* ViewModel */ = {
			isa = PBXGroup;
			children = (
				A6FF84BF2A1E183500661005 /* NewsViewModel.swift */,
			);
			path = ViewModel;
			sourceTree = "<group>";
		};
/* End PBXGroup section */

/* Begin PBXNativeTarget section */
		A6FF849D2A1CD8B900661005 /* NewsProject */ = {
			isa = PBXNativeTarget;
			buildConfigurationList = A6FF84B22A1CD8BB00661005 /* Build configuration list for PBXNativeTarget "NewsProject" */;
			buildPhases = (
				A6FF849A2A1CD8B900661005 /* Sources */,
				A6FF849B2A1CD8B900661005 /* Frameworks */,
				A6FF849C2A1CD8B900661005 /* Resources */,
			);
			buildRules = (
			);
			dependencies = (
			);
			name = NewsProject;
			productName = NewsProject;
			productReference = A6FF849E2A1CD8B900661005 /* NewsProject.app */;
			productType = "com.apple.product-type.application";
		};
/* End PBXNativeTarget section */

/* Begin PBXProject section */
		A6FF84962A1CD8B900661005 /* Project object */ = {
			isa = PBXProject;
			attributes = {
				BuildIndependentTargetsInParallel = 1;
				LastSwiftUpdateCheck = 1430;
				LastUpgradeCheck = 1430;
				TargetAttributes = {
					A6FF849D2A1CD8B900661005 = {
						CreatedOnToolsVersion = 14.3;
					};
				};
			};
			buildConfigurationList = A6FF84992A1CD8B900661005 /* Build configuration list for PBXProject "NewsProject" */;
			compatibilityVersion = "Xcode 14.0";
			developmentRegion = en;
			hasScannedForEncodings = 0;
			knownRegions = (
				en,
				Base,
			);
			mainGroup = A6FF84952A1CD8B900661005;
			productRefGroup = A6FF849F2A1CD8B900661005 /* Products */;
			projectDirPath = "";
			projectRoot = "";
			targets = (
				A6FF849D2A1CD8B900661005 /* NewsProject */,
			);
		};
/* End PBXProject section */

/* Begin PBXResourcesBuildPhase section */
		A6FF849C2A1CD8B900661005 /* Resources */ = {
			isa = PBXResourcesBuildPhase;
			buildActionMask = 2147483647;
			files = (
				A6FF84AE2A1CD8BB00661005 /* LaunchScreen.storyboard in Resources */,
				A6FF84AB2A1CD8BB00661005 /* Assets.xcassets in Resources */,
				A6FF84A92A1CD8B900661005 /* Main.storyboard in Resources */,
			);
			runOnlyForDeploymentPostprocessing = 0;
		};
/* End PBXResourcesBuildPhase section */

/* Begin PBXSourcesBuildPhase section */
		A6FF849A2A1CD8B900661005 /* Sources */ = {
			isa = PBXSourcesBuildPhase;
			buildActionMask = 2147483647;
			files = (
				A6FF84BD2A1CE0AA00661005 /* WebService.swift in Sources */,
				A6FF84A62A1CD8B900661005 /* ViewController.swift in Sources */,
				A6FF84B62A1CD94900661005 /* NewsViewCell.swift in Sources */,
				A6FF84A22A1CD8B900661005 /* AppDelegate.swift in Sources */,
				A6FF84C02A1E183500661005 /* NewsViewModel.swift in Sources */,
				A6FF84BA2A1CDD3E00661005 /* News.swift in Sources */,
				A6FF84A42A1CD8B900661005 /* SceneDelegate.swift in Sources */,
			);
			runOnlyForDeploymentPostprocessing = 0;
		};
/* End PBXSourcesBuildPhase section */

/* Begin PBXVariantGroup section */
		A6FF84A72A1CD8B900661005 /* Main.storyboard */ = {
			isa = PBXVariantGroup;
			children = (
				A6FF84A82A1CD8B900661005 /* Base */,
			);
			name = Main.storyboard;
			sourceTree = "<group>";
		};
		A6FF84AC2A1CD8BB00661005 /* LaunchScreen.storyboard */ = {
			isa = PBXVariantGroup;
			children = (
				A6FF84AD2A1CD8BB00661005 /* Base */,
			);
			name = LaunchScreen.storyboard;
			sourceTree = "<group>";
		};
/* End PBXVariantGroup section */

/* Begin XCBuildConfiguration section */
		A6FF84B02A1CD8BB00661005 /* Debug */ = {
			isa = XCBuildConfiguration;
			buildSettings = {
				ALWAYS_SEARCH_USER_PATHS = NO;
				CLANG_ANALYZER_NONNULL = YES;
				CLANG_ANALYZER_NUMBER_OBJECT_CONVERSION = YES_AGGRESSIVE;
				CLANG_CXX_LANGUAGE_STANDARD = "gnu++20";
				CLANG_ENABLE_MODULES = YES;
				CLANG_ENABLE_OBJC_ARC = YES;
				CLANG_ENABLE_OBJC_WEAK = YES;
				CLANG_WARN_BLOCK_CAPTURE_AUTORELEASING = YES;
				CLANG_WARN_BOOL_CONVERSION = YES;
				CLANG_WARN_COMMA = YES;
				CLANG_WARN_CONSTANT_CONVERSION = YES;
				CLANG_WARN_DEPRECATED_OBJC_IMPLEMENTATIONS = YES;
				CLANG_WARN_DIRECT_OBJC_ISA_USAGE = YES_ERROR;
				CLANG_WARN_DOCUMENTATION_COMMENTS = YES;
				CLANG_WARN_EMPTY_BODY = YES;
				CLANG_WARN_ENUM_CONVERSION = YES;
				CLANG_WARN_INFINITE_RECURSION = YES;
				CLANG_WARN_INT_CONVERSION = YES;
				CLANG_WARN_NON_LITERAL_NULL_CONVERSION = YES;
				CLANG_WARN_OBJC_IMPLICIT_RETAIN_SELF = YES;
				CLANG_WARN_OBJC_LITERAL_CONVERSION = YES;
				CLANG_WARN_OBJC_ROOT_CLASS = YES_ERROR;
				CLANG_WARN_QUOTED_INCLUDE_IN_FRAMEWORK_HEADER = YES;
				CLANG_WARN_RANGE_LOOP_ANALYSIS = YES;
				CLANG_WARN_STRICT_PROTOTYPES = YES;
				CLANG_WARN_SUSPICIOUS_MOVE = YES;
				CLANG_WARN_UNGUARDED_AVAILABILITY = YES_AGGRESSIVE;
				CLANG_WARN_UNREACHABLE_CODE = YES;
				CLANG_WARN__DUPLICATE_METHOD_MATCH = YES;
				COPY_PHASE_STRIP = NO;
				DEBUG_INFORMATION_FORMAT = dwarf;
				ENABLE_STRICT_OBJC_MSGSEND = YES;
				ENABLE_TESTABILITY = YES;
				GCC_C_LANGUAGE_STANDARD = gnu11;
				GCC_DYNAMIC_NO_PIC = NO;
				GCC_NO_COMMON_BLOCKS = YES;
				GCC_OPTIMIZATION_LEVEL = 0;
				GCC_PREPROCESSOR_DEFINITIONS = (
					"DEBUG=1",
					"$(inherited)",
				);
				GCC_WARN_64_TO_32_BIT_CONVERSION = YES;
				GCC_WARN_ABOUT_RETURN_TYPE = YES_ERROR;
				GCC_WARN_UNDECLARED_SELECTOR = YES;
				GCC_WARN_UNINITIALIZED_AUTOS = YES_AGGRESSIVE;
				GCC_WARN_UNUSED_FUNCTION = YES;
				GCC_WARN_UNUSED_VARIABLE = YES;
				IPHONEOS_DEPLOYMENT_TARGET = 16.4;
				MTL_ENABLE_DEBUG_INFO = INCLUDE_SOURCE;
				MTL_FAST_MATH = YES;
				ONLY_ACTIVE_ARCH = YES;
				SDKROOT = iphoneos;
				SWIFT_ACTIVE_COMPILATION_CONDITIONS = DEBUG;
				SWIFT_OPTIMIZATION_LEVEL = "-Onone";
			};
			name = Debug;
		};
		A6FF84B12A1CD8BB00661005 /* Release */ = {
			isa = XCBuildConfiguration;
			buildSettings = {
				ALWAYS_SEARCH_USER_PATHS = NO;
				CLANG_ANALYZER_NONNULL = YES;
				CLANG_ANALYZER_NUMBER_OBJECT_CONVERSION = YES_AGGRESSIVE;
				CLANG_CXX_LANGUAGE_STANDARD = "gnu++20";
				CLANG_ENABLE_MODULES = YES;
				CLANG_ENABLE_OBJC_ARC = YES;
				CLANG_ENABLE_OBJC_WEAK = YES;
				CLANG_WARN_BLOCK_CAPTURE_AUTORELEASING = YES;
				CLANG_WARN_BOOL_CONVERSION = YES;
				CLANG_WARN_COMMA = YES;
				CLANG_WARN_CONSTANT_CONVERSION = YES;
				CLANG_WARN_DEPRECATED_OBJC_IMPLEMENTATIONS = YES;
				CLANG_WARN_DIRECT_OBJC_ISA_USAGE = YES_ERROR;
				CLANG_WARN_DOCUMENTATION_COMMENTS = YES;
				CLANG_WARN_EMPTY_BODY = YES;
				CLANG_WARN_ENUM_CONVERSION = YES;
				CLANG_WARN_INFINITE_RECURSION = YES;
				CLANG_WARN_INT_CONVERSION = YES;
				CLANG_WARN_NON_LITERAL_NULL_CONVERSION = YES;
				CLANG_WARN_OBJC_IMPLICIT_RETAIN_SELF = YES;
				CLANG_WARN_OBJC_LITERAL_CONVERSION = YES;
				CLANG_WARN_OBJC_ROOT_CLASS = YES_ERROR;
				CLANG_WARN_QUOTED_INCLUDE_IN_FRAMEWORK_HEADER = YES;
				CLANG_WARN_RANGE_LOOP_ANALYSIS = YES;
				CLANG_WARN_STRICT_PROTOTYPES = YES;
				CLANG_WARN_SUSPICIOUS_MOVE = YES;
				CLANG_WARN_UNGUARDED_AVAILABILITY = YES_AGGRESSIVE;
				CLANG_WARN_UNREACHABLE_CODE = YES;
				CLANG_WARN__DUPLICATE_METHOD_MATCH = YES;
				COPY_PHASE_STRIP = NO;
				DEBUG_INFORMATION_FORMAT = "dwarf-with-dsym";
				ENABLE_NS_ASSERTIONS = NO;
				ENABLE_STRICT_OBJC_MSGSEND = YES;
				GCC_C_LANGUAGE_STANDARD = gnu11;
				GCC_NO_COMMON_BLOCKS = YES;
				GCC_WARN_64_TO_32_BIT_CONVERSION = YES;
				GCC_WARN_ABOUT_RETURN_TYPE = YES_ERROR;
				GCC_WARN_UNDECLARED_SELECTOR = YES;
				GCC_WARN_UNINITIALIZED_AUTOS = YES_AGGRESSIVE;
				GCC_WARN_UNUSED_FUNCTION = YES;
				GCC_WARN_UNUSED_VARIABLE = YES;
				IPHONEOS_DEPLOYMENT_TARGET = 16.4;
				MTL_ENABLE_DEBUG_INFO = NO;
				MTL_FAST_MATH = YES;
				SDKROOT = iphoneos;
				SWIFT_COMPILATION_MODE = wholemodule;
				SWIFT_OPTIMIZATION_LEVEL = "-O";
				VALIDATE_PRODUCT = YES;
			};
			name = Release;
		};
		A6FF84B32A1CD8BB00661005 /* Debug */ = {
			isa = XCBuildConfiguration;
			buildSettings = {
				ASSETCATALOG_COMPILER_APPICON_NAME = AppIcon;
				ASSETCATALOG_COMPILER_GLOBAL_ACCENT_COLOR_NAME = AccentColor;
				CODE_SIGN_STYLE = Automatic;
				CURRENT_PROJECT_VERSION = 1;
				GENERATE_INFOPLIST_FILE = YES;
				INFOPLIST_FILE = NewsProject/Info.plist;
				INFOPLIST_KEY_UIApplicationSupportsIndirectInputEvents = YES;
				INFOPLIST_KEY_UILaunchStoryboardName = LaunchScreen;
				INFOPLIST_KEY_UIMainStoryboardFile = Main;
				INFOPLIST_KEY_UISupportedInterfaceOrientations_iPad = "UIInterfaceOrientationPortrait UIInterfaceOrientationPortraitUpsideDown UIInterfaceOrientationLandscapeLeft UIInterfaceOrientationLandscapeRight";
				INFOPLIST_KEY_UISupportedInterfaceOrientations_iPhone = "UIInterfaceOrientationPortrait UIInterfaceOrientationLandscapeLeft UIInterfaceOrientationLandscapeRight";
				LD_RUNPATH_SEARCH_PATHS = (
					"$(inherited)",
					"@executable_path/Frameworks",
				);
				MARKETING_VERSION = 1.0;
				PRODUCT_BUNDLE_IDENTIFIER = com.zehracoskun.NewsProject;
				PRODUCT_NAME = "$(TARGET_NAME)";
				SWIFT_EMIT_LOC_STRINGS = YES;
				SWIFT_VERSION = 5.0;
				TARGETED_DEVICE_FAMILY = "1,2";
			};
			name = Debug;
		};
		A6FF84B42A1CD8BB00661005 /* Release */ = {
			isa = XCBuildConfiguration;
			buildSettings = {
				ASSETCATALOG_COMPILER_APPICON_NAME = AppIcon;
				ASSETCATALOG_COMPILER_GLOBAL_ACCENT_COLOR_NAME = AccentColor;
				CODE_SIGN_STYLE = Automatic;
				CURRENT_PROJECT_VERSION = 1;
				GENERATE_INFOPLIST_FILE = YES;
				INFOPLIST_FILE = NewsProject/Info.plist;
				INFOPLIST_KEY_UIApplicationSupportsIndirectInputEvents = YES;
				INFOPLIST_KEY_UILaunchStoryboardName = LaunchScreen;
				INFOPLIST_KEY_UIMainStoryboardFile = Main;
				INFOPLIST_KEY_UISupportedInterfaceOrientations_iPad = "UIInterfaceOrientationPortrait UIInterfaceOrientationPortraitUpsideDown UIInterfaceOrientationLandscapeLeft UIInterfaceOrientationLandscapeRight";
				INFOPLIST_KEY_UISupportedInterfaceOrientations_iPhone = "UIInterfaceOrientationPortrait UIInterfaceOrientationLandscapeLeft UIInterfaceOrientationLandscapeRight";
				LD_RUNPATH_SEARCH_PATHS = (
					"$(inherited)",
					"@executable_path/Frameworks",
				);
				MARKETING_VERSION = 1.0;
				PRODUCT_BUNDLE_IDENTIFIER = com.zehracoskun.NewsProject;
				PRODUCT_NAME = "$(TARGET_NAME)";
				SWIFT_EMIT_LOC_STRINGS = YES;
				SWIFT_VERSION = 5.0;
				TARGETED_DEVICE_FAMILY = "1,2";
			};
			name = Release;
		};
/* End XCBuildConfiguration section */

/* Begin XCConfigurationList section */
		A6FF84992A1CD8B900661005 /* Build configuration list for PBXProject "NewsProject" */ = {
			isa = XCConfigurationList;
			buildConfigurations = (
				A6FF84B02A1CD8BB00661005 /* Debug */,
				A6FF84B12A1CD8BB00661005 /* Release */,
			);
			defaultConfigurationIsVisible = 0;
			defaultConfigurationName = Release;
		};
		A6FF84B22A1CD8BB00661005 /* Build configuration list for PBXNativeTarget "NewsProject" */ = {
			isa = XCConfigurationList;
			buildConfigurations = (
				A6FF84B32A1CD8BB00661005 /* Debug */,
				A6FF84B42A1CD8BB00661005 /* Release */,
			);
			defaultConfigurationIsVisible = 0;
			defaultConfigurationName = Release;
		};
/* End XCConfigurationList section */
	};
	rootObject = A6FF84962A1CD8B900661005 /* Project object */;
}
